
Microsoft Visual Studio Solution File, Format Version 12.00
# Visual Studio Version 16
VisualStudioVersion = 16.0.29926.136
MinimumVisualStudioVersion = 10.0.40219.1
Project("{9A19103F-16F7-4668-BE54-9A1E7A4F7556}") = "CPRG214.Properties.Domain", "CPRG214.Properties.Domain\CPRG214.Properties.Domain.csproj", "{399F6D1E-1F49-4147-9FB0-937A9BA50916}"
EndProject
Project("{9A19103F-16F7-4668-BE54-9A1E7A4F7556}") = "CPRG214.Properties.Data", "CPRG214.Properties.Data\CPRG214.Properties.Data.csproj", "{5DE0DBE0-42D1-47A9-898B-EF0C8932BA74}"
EndProject
Project("{9A19103F-16F7-4668-BE54-9A1E7A4F7556}") = "CPRG214.Properties.BLL", "CPRG214.Properties.BLL\CPRG214.Properties.BLL.csproj", "{7CEAD10B-A9EC-4AA7-9FA3-EAE5AA1B5A2F}"
EndProject
Project("{FAE04EC0-301F-11D3-BF4B-00C04F79EFBC}") = "CPRG214.Properties.Presentation", "CPRG214.Properties.Presentation\CPRG214.Properties.Presentation.csproj", "{6FFE1C03-7F92-4540-B62C-CDF2A17EF584}"
EndProject
Global
	GlobalSection(SolutionConfigurationPlatforms) = preSolution
		Debug|Any CPU = Debug|Any CPU
		Release|Any CPU = Release|Any CPU
	EndGlobalSection
	GlobalSection(ProjectConfigurationPlatforms) = postSolution
		{399F6D1E-1F49-4147-9FB0-937A9BA50916}.Debug|Any CPU.ActiveCfg = Debug|Any CPU
		{399F6D1E-1F49-4147-9FB0-937A9BA50916}.Debug|Any CPU.Build.0 = Debug|Any CPU
		{399F6D1E-1F49-4147-9FB0-937A9BA50916}.Release|Any CPU.ActiveCfg = Release|Any CPU
		{399F6D1E-1F49-4147-9FB0-937A9BA50916}.Release|Any CPU.Build.0 = Release|Any CPU
		{5DE0DBE0-42D1-47A9-898B-EF0C8932BA74}.Debug|Any CPU.ActiveCfg = Debug|Any CPU
		{5DE0DBE0-42D1-47A9-898B-EF0C8932BA74}.Debug|Any CPU.Build.0 = Debug|Any CPU
		{5DE0DBE0-42D1-47A9-898B-EF0C8932BA74}.Release|Any CPU.ActiveCfg = Release|Any CPU
		{5DE0DBE0-42D1-47A9-898B-EF0C8932BA74}.Release|Any CPU.Build.0 = Release|Any CPU
		{7CEAD10B-A9EC-4AA7-9FA3-EAE5AA1B5A2F}.Debug|Any CPU.ActiveCfg = Debug|Any CPU
		{7CEAD10B-A9EC-4AA7-9FA3-EAE5AA1B5A2F}.Debug|Any CPU.Build.0 = Debug|Any CPU
		{7CEAD10B-A9EC-4AA7-9FA3-EAE5AA1B5A2F}.Release|Any CPU.ActiveCfg = Release|Any CPU
		{7CEAD10B-A9EC-4AA7-9FA3-EAE5AA1B5A2F}.Release|Any CPU.Build.0 = Release|Any CPU
		{6FFE1C03-7F92-4540-B62C-CDF2A17EF584}.Debug|Any CPU.ActiveCfg = Debug|Any CPU
		{6FFE1C03-7F92-4540-B62C-CDF2A17EF584}.Debug|Any CPU.Build.0 = Debug|Any CPU
		{6FFE1C03-7F92-4540-B62C-CDF2A17EF584}.Release|Any CPU.ActiveCfg = Release|Any CPU
		{6FFE1C03-7F92-4540-B62C-CDF2A17EF584}.Release|Any CPU.Build.0 = Release|Any CPU
	EndGlobalSection
	GlobalSection(SolutionProperties) = preSolution
		HideSolutionNode = FALSE
	EndGlobalSection
	GlobalSection(ExtensibilityGlobals) = postSolution
		SolutionGuid = {D00EE97B-AEC3-45F7-85CD-BC4C217A2EDD}
	EndGlobalSection
EndGlobal
